
Microsoft Visual Studio Solution File, Format Version 12.00
# Visual Studio Version 17
VisualStudioVersion = 17.3.32922.545
MinimumVisualStudioVersion = 10.0.40219.1
Project("{FAE04EC0-301F-11D3-BF4B-00C04F79EFBC}") = "dm", "dm\dm.csproj", "{D264E9D2-7763-4E0D-B7F2-8402425CA99A}"
EndProject
Global
	GlobalSection(SolutionConfigurationPlatforms) = preSolution
		Debug|Any CPU = Debug|Any CPU
		Release|Any CPU = Release|Any CPU
	EndGlobalSection
	GlobalSection(ProjectConfigurationPlatforms) = postSolution
		{D264E9D2-7763-4E0D-B7F2-8402425CA99A}.Debug|Any CPU.ActiveCfg = Debug|Any CPU
		{D264E9D2-7763-4E0D-B7F2-8402425CA99A}.Debug|Any CPU.Build.0 = Debug|Any CPU
		{D264E9D2-7763-4E0D-B7F2-8402425CA99A}.Release|Any CPU.ActiveCfg = Release|Any CPU
		{D264E9D2-7763-4E0D-B7F2-8402425CA99A}.Release|Any CPU.Build.0 = Release|Any CPU
	EndGlobalSection
	GlobalSection(SolutionProperties) = preSolution
		HideSolutionNode = FALSE
	EndGlobalSection
	GlobalSection(ExtensibilityGlobals) = postSolution
		SolutionGuid = {0BC86092-1415-426E-9CCC-16465E9CA11B}
	EndGlobalSection
EndGlobal
