
Microsoft Visual Studio Solution File, Format Version 12.00
# Visual Studio Version 17
VisualStudioVersion = 17.3.32922.545
MinimumVisualStudioVersion = 10.0.40219.1
Project("{FAE04EC0-301F-11D3-BF4B-00C04F79EFBC}") = "4", "4\4.csproj", "{F098310B-5494-4EB2-965D-1FE1160C1BC6}"
EndProject
Global
	GlobalSection(SolutionConfigurationPlatforms) = preSolution
		Debug|Any CPU = Debug|Any CPU
		Release|Any CPU = Release|Any CPU
	EndGlobalSection
	GlobalSection(ProjectConfigurationPlatforms) = postSolution
		{F098310B-5494-4EB2-965D-1FE1160C1BC6}.Debug|Any CPU.ActiveCfg = Debug|Any CPU
		{F098310B-5494-4EB2-965D-1FE1160C1BC6}.Debug|Any CPU.Build.0 = Debug|Any CPU
		{F098310B-5494-4EB2-965D-1FE1160C1BC6}.Release|Any CPU.ActiveCfg = Release|Any CPU
		{F098310B-5494-4EB2-965D-1FE1160C1BC6}.Release|Any CPU.Build.0 = Release|Any CPU
	EndGlobalSection
	GlobalSection(SolutionProperties) = preSolution
		HideSolutionNode = FALSE
	EndGlobalSection
	GlobalSection(ExtensibilityGlobals) = postSolution
		SolutionGuid = {051379C6-F80D-4FFE-8C1C-83508DEE84C8}
	EndGlobalSection
EndGlobal
